# This file is automatically @generated by Cargo.
# It is not intended for manual editing.
[[package]]
name = "colori"
version = "0.1.1"
source = "registry+https://github.com/rust-lang/crates.io-index"
checksum = "71641288f8f78c00a7d9c0ab4b8d5ffaced54f02a32e6ed3fba3264663ec35bf"

[[package]]
name = "html-escape"
version = "0.2.9"
source = "registry+https://github.com/rust-lang/crates.io-index"
checksum = "816ea801a95538fc5f53c836697b3f8b64a9d664c4f0b91efe1fe7c92e4dbcb7"
dependencies = [
 "utf8-width",
]

[[package]]
name = "mudstring"
version = "0.1.0"
dependencies = [
 "colori",
 "html-escape",
 "xmltree",
]

[[package]]
name = "utf8-width"
version = "0.1.5"
source = "registry+https://github.com/rust-lang/crates.io-index"
checksum = "7cf7d77f457ef8dfa11e4cd5933c5ddb5dc52a94664071951219a97710f0a32b"

[[package]]
name = "xml-rs"
version = "0.8.3"
source = "registry+https://github.com/rust-lang/crates.io-index"
checksum = "b07db065a5cf61a7e4ba64f29e67db906fb1787316516c4e6e5ff0fea1efcd8a"

[[package]]
name = "xmltree"
version = "0.10.3"
source = "registry+https://github.com/rust-lang/crates.io-index"
checksum = "d7d8a75eaf6557bb84a65ace8609883db44a29951042ada9b393151532e41fcb"
dependencies = [
 "xml-rs",
]
